{"is_source_file": false, "format": "", "description": "", "external_files": [], "external_methods": [], "published": [], "classes": [], "methods": [], "calls": [], "search-terms": [], "state": 2, "file_id": 14, "knowledge_revision": 148, "git_revision": "328d6bbc95fcc29cb1b53a30c86e1c00ffce263b", "hash": "e9b4c3b42cef0193b7fddb548d37e652", "format-version": 4, "code-base-name": "default", "filename": "tasktrack_pro/post_process_status.lock", "revision_history": [{"148": "328d6bbc95fcc29cb1b53a30c86e1c00ffce263b"}]}