{"is_source_file": true, "file_id": 110, "git_revision": "", "state": 1, "description": "", "external_files": [], "external_methods": [], "published": [], "classes": [], "methods": [], "calls": [], "search-terms": [], "hash": "1231b937c2cb4269fae7439d49cf4447", "format-version": 4, "code-base-name": "default", "filename": "tasktrack_pro/macos/Runner.xcodeproj/xcshareddata/xcschemes/Runner.xcscheme", "knowledge_revision": 112}