{"is_source_file": false, "format": "", "description": "", "external_files": [], "external_methods": [], "published": [], "classes": [], "methods": [], "calls": [], "search-terms": [], "state": 2, "file_id": 110, "knowledge_revision": 248, "git_revision": "328d6bbc95fcc29cb1b53a30c86e1c00ffce263b", "hash": "1231b937c2cb4269fae7439d49cf4447", "format-version": 4, "code-base-name": "default", "filename": "tasktrack_pro/macos/Runner.xcodeproj/xcshareddata/xcschemes/Runner.xcscheme", "revision_history": [{"248": "328d6bbc95fcc29cb1b53a30c86e1c00ffce263b"}]}