{"is_source_file": true, "file_id": 111, "git_revision": "", "state": 1, "description": "", "external_files": [], "external_methods": [], "published": [], "classes": [], "methods": [], "calls": [], "search-terms": [], "hash": "55b0a509b5483760b3d3a2e089bdf192", "format-version": 4, "code-base-name": "default", "filename": "tasktrack_pro/macos/Runner.xcodeproj/project.pbxproj", "knowledge_revision": 111}