{"is_source_file": false, "format": null, "description": "", "external_files": [], "external_methods": [], "published": [], "classes": [], "methods": [], "calls": [], "search-terms": [], "state": 2, "file_id": 47, "knowledge_revision": 182, "git_revision": "328d6bbc95fcc29cb1b53a30c86e1c00ffce263b", "hash": "3e088bc3ef2b27e72da13a5f953edd64", "format-version": 4, "code-base-name": "default", "filename": "tasktrack_pro/ios/Runner.xcodeproj/xcshareddata/xcschemes/Runner.xcscheme", "revision_history": [{"182": "328d6bbc95fcc29cb1b53a30c86e1c00ffce263b"}]}